
Microsoft Visual Studio Solution File, Format Version 12.00
# Visual Studio Version 17
VisualStudioVersion = 17.6.33723.286
MinimumVisualStudioVersion = 10.0.40219.1
Project("{FAE04EC0-301F-11D3-BF4B-00C04F79EFBC}") = "NitroSniper", "NitroSniper\NitroSniper.csproj", "{90BD11CF-CBBB-4FA8-A0BD-CBA811B61C2F}"
EndProject
Global
	GlobalSection(SolutionConfigurationPlatforms) = preSolution
		Debug|Any CPU = Debug|Any CPU
		Release|Any CPU = Release|Any CPU
	EndGlobalSection
	GlobalSection(ProjectConfigurationPlatforms) = postSolution
		{90BD11CF-CBBB-4FA8-A0BD-CBA811B61C2F}.Debug|Any CPU.ActiveCfg = Debug|Any CPU
		{90BD11CF-CBBB-4FA8-A0BD-CBA811B61C2F}.Debug|Any CPU.Build.0 = Debug|Any CPU
		{90BD11CF-CBBB-4FA8-A0BD-CBA811B61C2F}.Release|Any CPU.ActiveCfg = Release|Any CPU
		{90BD11CF-CBBB-4FA8-A0BD-CBA811B61C2F}.Release|Any CPU.Build.0 = Release|Any CPU
	EndGlobalSection
	GlobalSection(SolutionProperties) = preSolution
		HideSolutionNode = FALSE
	EndGlobalSection
	GlobalSection(ExtensibilityGlobals) = postSolution
		SolutionGuid = {78698CC1-D770-47A9-A709-3E218D8567D9}
	EndGlobalSection
EndGlobal
